
Microsoft Visual Studio Solution File, Format Version 12.00
# Visual Studio Version 16
VisualStudioVersion = 16.0.31005.135
MinimumVisualStudioVersion = 10.0.40219.1
Project("{FAE04EC0-301F-11D3-BF4B-00C04F79EFBC}") = "WebAppFirstTimeMVC", "WebAppFirstTimeMVC\WebAppFirstTimeMVC.csproj", "{A42AF989-748B-43EB-85BC-4DB993D4A677}"
EndProject
Global
	GlobalSection(SolutionConfigurationPlatforms) = preSolution
		Debug|Any CPU = Debug|Any CPU
		Release|Any CPU = Release|Any CPU
	EndGlobalSection
	GlobalSection(ProjectConfigurationPlatforms) = postSolution
		{A42AF989-748B-43EB-85BC-4DB993D4A677}.Debug|Any CPU.ActiveCfg = Debug|Any CPU
		{A42AF989-748B-43EB-85BC-4DB993D4A677}.Debug|Any CPU.Build.0 = Debug|Any CPU
		{A42AF989-748B-43EB-85BC-4DB993D4A677}.Release|Any CPU.ActiveCfg = Release|Any CPU
		{A42AF989-748B-43EB-85BC-4DB993D4A677}.Release|Any CPU.Build.0 = Release|Any CPU
	EndGlobalSection
	GlobalSection(SolutionProperties) = preSolution
		HideSolutionNode = FALSE
	EndGlobalSection
	GlobalSection(ExtensibilityGlobals) = postSolution
		SolutionGuid = {A8393F5C-A8C5-4DE9-A10A-4E01FFF19518}
	EndGlobalSection
EndGlobal
